// !$*UTF8*$!
{
	archiveVersion = 1;
	classes = {
	};
	objectVersion = 55;
	objects = {

/* Begin PBXBuildFile section */
		2702B04A27B652C100A0E5DD /* Ladle_thePlotApp.swift in Sources */ = {isa = PBXBuildFile; fileRef = 2702B04927B652C100A0E5DD /* Ladle_thePlotApp.swift */; };
		2702B04C27B652C100A0E5DD /* ContentView.swift in Sources */ = {isa = PBXBuildFile; fileRef = 2702B04B27B652C100A0E5DD /* ContentView.swift */; };
		2702B04E27B652C400A0E5DD /* Assets.xcassets in Resources */ = {isa = PBXBuildFile; fileRef = 2702B04D27B652C400A0E5DD /* Assets.xcassets */; };
		2702B05127B652C400A0E5DD /* Preview Assets.xcassets in Resources */ = {isa = PBXBuildFile; fileRef = 2702B05027B652C400A0E5DD /* Preview Assets.xcassets */; };
		2754CEA327B66F14002761F9 /* OFL.txt in Resources */ = {isa = PBXBuildFile; fileRef = 2754CEA127B66F14002761F9 /* OFL.txt */; };
		2754CEA427B66F14002761F9 /* HappyMonkey-Regular.ttf in Resources */ = {isa = PBXBuildFile; fileRef = 2754CEA227B66F14002761F9 /* HappyMonkey-Regular.ttf */; };
		2754CEA827B7AB3E002761F9 /* RecipeViewModel.swift in Sources */ = {isa = PBXBuildFile; fileRef = 2754CEA727B7AB3E002761F9 /* RecipeViewModel.swift */; };
		27705A9E27C23A8D00F996B4 /* ContinueButtonView.swift in Sources */ = {isa = PBXBuildFile; fileRef = 27705A9D27C23A8D00F996B4 /* ContinueButtonView.swift */; };
		27705AA027C23A9500F996B4 /* BackButtonView.swift in Sources */ = {isa = PBXBuildFile; fileRef = 27705A9F27C23A9500F996B4 /* BackButtonView.swift */; };
		27705AA327C246CB00F996B4 /* StepCardView.swift in Sources */ = {isa = PBXBuildFile; fileRef = 27705AA227C246CB00F996B4 /* StepCardView.swift */; };
		27705AA527C24AD700F996B4 /* StepCircleCard.swift in Sources */ = {isa = PBXBuildFile; fileRef = 27705AA427C24AD700F996B4 /* StepCircleCard.swift */; };
		27705AB727C2D71900F996B4 /* Step3.swift in Sources */ = {isa = PBXBuildFile; fileRef = 27705AB627C2D71900F996B4 /* Step3.swift */; };
		27705AB927C2D71C00F996B4 /* Step0.swift in Sources */ = {isa = PBXBuildFile; fileRef = 27705AB827C2D71C00F996B4 /* Step0.swift */; };
		27705ABD27C2D72400F996B4 /* Step2.swift in Sources */ = {isa = PBXBuildFile; fileRef = 27705ABC27C2D72400F996B4 /* Step2.swift */; };
		27705ABF27C2D72800F996B4 /* Step4.swift in Sources */ = {isa = PBXBuildFile; fileRef = 27705ABE27C2D72800F996B4 /* Step4.swift */; };
		27705AC127C2D74A00F996B4 /* Step1.swift in Sources */ = {isa = PBXBuildFile; fileRef = 27705AC027C2D74A00F996B4 /* Step1.swift */; };
		2780A37627B65B57001B34CE /* CreateRecipeView.swift in Sources */ = {isa = PBXBuildFile; fileRef = 2780A37527B65B57001B34CE /* CreateRecipeView.swift */; };
		2780A37A27B65BDA001B34CE /* NameInputView.swift in Sources */ = {isa = PBXBuildFile; fileRef = 2780A37927B65BDA001B34CE /* NameInputView.swift */; };
		2780A38027B65C60001B34CE /* StepsView.swift in Sources */ = {isa = PBXBuildFile; fileRef = 2780A37F27B65C60001B34CE /* StepsView.swift */; };
		27F0081527BE863100C7975D /* Recipe.swift in Sources */ = {isa = PBXBuildFile; fileRef = 27F0081427BE863100C7975D /* Recipe.swift */; };
		27F0081727BE866300C7975D /* Avatar.swift in Sources */ = {isa = PBXBuildFile; fileRef = 27F0081627BE866300C7975D /* Avatar.swift */; };
		27F0081927BE86BA00C7975D /* IngredientViewModel.swift in Sources */ = {isa = PBXBuildFile; fileRef = 27F0081827BE86BA00C7975D /* IngredientViewModel.swift */; };
		27F0081B27BE86E200C7975D /* IngredientCardView.swift in Sources */ = {isa = PBXBuildFile; fileRef = 27F0081A27BE86E200C7975D /* IngredientCardView.swift */; };
		27F0081F27BE887F00C7975D /* Ingredient.swift in Sources */ = {isa = PBXBuildFile; fileRef = 27F0081E27BE887F00C7975D /* Ingredient.swift */; };
		47260E9327BBFBA900F0ED80 /* AvatarViewModel.swift in Sources */ = {isa = PBXBuildFile; fileRef = 47260E9227BBFBA900F0ED80 /* AvatarViewModel.swift */; };
		47260E9527BC242400F0ED80 /* AvatarSelectionView.swift in Sources */ = {isa = PBXBuildFile; fileRef = 47260E9427BC242400F0ED80 /* AvatarSelectionView.swift */; };
		47A8249927BFAA320042B065 /* ShowTheIngredientsView.swift in Sources */ = {isa = PBXBuildFile; fileRef = 47A8249827BFAA320042B065 /* ShowTheIngredientsView.swift */; };
		47B7D50A27C3EB1800827E4E /* SceneViewModel.swift in Sources */ = {isa = PBXBuildFile; fileRef = 47B7D50927C3EB1800827E4E /* SceneViewModel.swift */; };
		47B7D50E27C3EB6D00827E4E /* RecipeScene.swift in Sources */ = {isa = PBXBuildFile; fileRef = 47B7D50D27C3EB6D00827E4E /* RecipeScene.swift */; };
		47B7D51027C4080F00827E4E /* DragAndDropView.swift in Sources */ = {isa = PBXBuildFile; fileRef = 47B7D50F27C4080F00827E4E /* DragAndDropView.swift */; };
		47C5A9B627BCF6CB004D4A9A /* RecipeCardView.swift in Sources */ = {isa = PBXBuildFile; fileRef = 47C5A9B527BCF6CB004D4A9A /* RecipeCardView.swift */; };
		47C5A9B927BD04AE004D4A9A /* ChooseTheRecipeView.swift in Sources */ = {isa = PBXBuildFile; fileRef = 47C5A9B827BD04AE004D4A9A /* ChooseTheRecipeView.swift */; };
		5A1D3B2A27C5271C009301D1 /* splashScreenView.swift in Sources */ = {isa = PBXBuildFile; fileRef = 5A1D3B2927C5271C009301D1 /* splashScreenView.swift */; };
		5A809A5327C63FA4006B1749 /* TimeLineView.swift in Sources */ = {isa = PBXBuildFile; fileRef = 5A809A5227C63FA4006B1749 /* TimeLineView.swift */; };
		5A809A5627C671E6006B1749 /* CrushView.swift in Sources */ = {isa = PBXBuildFile; fileRef = 5A809A5527C671E6006B1749 /* CrushView.swift */; };
		5AC3B36527BFB00B0001F73F /* AnimationView.swift in Sources */ = {isa = PBXBuildFile; fileRef = 5AC3B36427BFB00B0001F73F /* AnimationView.swift */; };
		5AC3B36727BFB0160001F73F /* AretheysimilarView.swift in Sources */ = {isa = PBXBuildFile; fileRef = 5AC3B36627BFB0160001F73F /* AretheysimilarView.swift */; };
		5AC3B36927BFB1920001F73F /* ShakeView.swift in Sources */ = {isa = PBXBuildFile; fileRef = 5AC3B36827BFB1920001F73F /* ShakeView.swift */; };
/* End PBXBuildFile section */

/* Begin PBXFileReference section */
		2702B04627B652C100A0E5DD /* Ladle_thePlot.app */ = {isa = PBXFileReference; explicitFileType = wrapper.application; includeInIndex = 0; path = Ladle_thePlot.app; sourceTree = BUILT_PRODUCTS_DIR; };
		2702B04927B652C100A0E5DD /* Ladle_thePlotApp.swift */ = {isa = PBXFileReference; lastKnownFileType = sourcecode.swift; path = Ladle_thePlotApp.swift; sourceTree = "<group>"; };
		2702B04B27B652C100A0E5DD /* ContentView.swift */ = {isa = PBXFileReference; lastKnownFileType = sourcecode.swift; path = ContentView.swift; sourceTree = "<group>"; };
		2702B04D27B652C400A0E5DD /* Assets.xcassets */ = {isa = PBXFileReference; lastKnownFileType = folder.assetcatalog; path = Assets.xcassets; sourceTree = "<group>"; };
		2702B05027B652C400A0E5DD /* Preview Assets.xcassets */ = {isa = PBXFileReference; lastKnownFileType = folder.assetcatalog; path = "Preview Assets.xcassets"; sourceTree = "<group>"; };
		2754CEA127B66F14002761F9 /* OFL.txt */ = {isa = PBXFileReference; fileEncoding = 4; lastKnownFileType = text; path = OFL.txt; sourceTree = "<group>"; };
		2754CEA227B66F14002761F9 /* HappyMonkey-Regular.ttf */ = {isa = PBXFileReference; lastKnownFileType = file; path = "HappyMonkey-Regular.ttf"; sourceTree = "<group>"; };
		2754CEA527B66F2F002761F9 /* Ladle-thePlot-Info.plist */ = {isa = PBXFileReference; lastKnownFileType = text.plist; path = "Ladle-thePlot-Info.plist"; sourceTree = SOURCE_ROOT; };
		2754CEA727B7AB3E002761F9 /* RecipeViewModel.swift */ = {isa = PBXFileReference; lastKnownFileType = sourcecode.swift; path = RecipeViewModel.swift; sourceTree = "<group>"; };
		27705A9D27C23A8D00F996B4 /* ContinueButtonView.swift */ = {isa = PBXFileReference; fileEncoding = 4; lastKnownFileType = sourcecode.swift; path = ContinueButtonView.swift; sourceTree = "<group>"; };
		27705A9F27C23A9500F996B4 /* BackButtonView.swift */ = {isa = PBXFileReference; fileEncoding = 4; lastKnownFileType = sourcecode.swift; path = BackButtonView.swift; sourceTree = "<group>"; };
		27705AA227C246CB00F996B4 /* StepCardView.swift */ = {isa = PBXFileReference; lastKnownFileType = sourcecode.swift; path = StepCardView.swift; sourceTree = "<group>"; };
		27705AA427C24AD700F996B4 /* StepCircleCard.swift */ = {isa = PBXFileReference; lastKnownFileType = sourcecode.swift; path = StepCircleCard.swift; sourceTree = "<group>"; };
		27705AB627C2D71900F996B4 /* Step3.swift */ = {isa = PBXFileReference; fileEncoding = 4; lastKnownFileType = sourcecode.swift; path = Step3.swift; sourceTree = "<group>"; };
		27705AB827C2D71C00F996B4 /* Step0.swift */ = {isa = PBXFileReference; lastKnownFileType = sourcecode.swift; path = Step0.swift; sourceTree = "<group>"; };
		27705ABC27C2D72400F996B4 /* Step2.swift */ = {isa = PBXFileReference; lastKnownFileType = sourcecode.swift; path = Step2.swift; sourceTree = "<group>"; };
		27705ABE27C2D72800F996B4 /* Step4.swift */ = {isa = PBXFileReference; lastKnownFileType = sourcecode.swift; path = Step4.swift; sourceTree = "<group>"; };
		27705AC027C2D74A00F996B4 /* Step1.swift */ = {isa = PBXFileReference; fileEncoding = 4; lastKnownFileType = sourcecode.swift; path = Step1.swift; sourceTree = "<group>"; };
		2780A37527B65B57001B34CE /* CreateRecipeView.swift */ = {isa = PBXFileReference; lastKnownFileType = sourcecode.swift; path = CreateRecipeView.swift; sourceTree = "<group>"; };
		2780A37927B65BDA001B34CE /* NameInputView.swift */ = {isa = PBXFileReference; lastKnownFileType = sourcecode.swift; path = NameInputView.swift; sourceTree = "<group>"; };
		2780A37F27B65C60001B34CE /* StepsView.swift */ = {isa = PBXFileReference; lastKnownFileType = sourcecode.swift; path = StepsView.swift; sourceTree = "<group>"; };
		27F0081427BE863100C7975D /* Recipe.swift */ = {isa = PBXFileReference; lastKnownFileType = sourcecode.swift; path = Recipe.swift; sourceTree = "<group>"; };
		27F0081627BE866300C7975D /* Avatar.swift */ = {isa = PBXFileReference; lastKnownFileType = sourcecode.swift; path = Avatar.swift; sourceTree = "<group>"; };
		27F0081827BE86BA00C7975D /* IngredientViewModel.swift */ = {isa = PBXFileReference; lastKnownFileType = sourcecode.swift; path = IngredientViewModel.swift; sourceTree = "<group>"; };
		27F0081A27BE86E200C7975D /* IngredientCardView.swift */ = {isa = PBXFileReference; lastKnownFileType = sourcecode.swift; path = IngredientCardView.swift; sourceTree = "<group>"; };
		27F0081E27BE887F00C7975D /* Ingredient.swift */ = {isa = PBXFileReference; lastKnownFileType = sourcecode.swift; path = Ingredient.swift; sourceTree = "<group>"; };
		47260E9227BBFBA900F0ED80 /* AvatarViewModel.swift */ = {isa = PBXFileReference; lastKnownFileType = sourcecode.swift; path = AvatarViewModel.swift; sourceTree = "<group>"; };
		47260E9427BC242400F0ED80 /* AvatarSelectionView.swift */ = {isa = PBXFileReference; lastKnownFileType = sourcecode.swift; path = AvatarSelectionView.swift; sourceTree = "<group>"; };
		47A8249827BFAA320042B065 /* ShowTheIngredientsView.swift */ = {isa = PBXFileReference; fileEncoding = 4; lastKnownFileType = sourcecode.swift; path = ShowTheIngredientsView.swift; sourceTree = "<group>"; };
		47B7D50927C3EB1800827E4E /* SceneViewModel.swift */ = {isa = PBXFileReference; lastKnownFileType = sourcecode.swift; path = SceneViewModel.swift; sourceTree = "<group>"; };
		47B7D50D27C3EB6D00827E4E /* RecipeScene.swift */ = {isa = PBXFileReference; lastKnownFileType = sourcecode.swift; path = RecipeScene.swift; sourceTree = "<group>"; };
		47B7D50F27C4080F00827E4E /* DragAndDropView.swift */ = {isa = PBXFileReference; lastKnownFileType = sourcecode.swift; path = DragAndDropView.swift; sourceTree = "<group>"; };
		47C5A9B527BCF6CB004D4A9A /* RecipeCardView.swift */ = {isa = PBXFileReference; lastKnownFileType = sourcecode.swift; path = RecipeCardView.swift; sourceTree = "<group>"; };
		47C5A9B827BD04AE004D4A9A /* ChooseTheRecipeView.swift */ = {isa = PBXFileReference; lastKnownFileType = sourcecode.swift; path = ChooseTheRecipeView.swift; sourceTree = "<group>"; };
		5A1D3B2927C5271C009301D1 /* splashScreenView.swift */ = {isa = PBXFileReference; fileEncoding = 4; lastKnownFileType = sourcecode.swift; path = splashScreenView.swift; sourceTree = "<group>"; };
		5A809A5227C63FA4006B1749 /* TimeLineView.swift */ = {isa = PBXFileReference; lastKnownFileType = sourcecode.swift; path = TimeLineView.swift; sourceTree = "<group>"; };
		5A809A5527C671E6006B1749 /* CrushView.swift */ = {isa = PBXFileReference; lastKnownFileType = sourcecode.swift; path = CrushView.swift; sourceTree = "<group>"; };
		5AC3B36427BFB00B0001F73F /* AnimationView.swift */ = {isa = PBXFileReference; fileEncoding = 4; lastKnownFileType = sourcecode.swift; path = AnimationView.swift; sourceTree = "<group>"; };
		5AC3B36627BFB0160001F73F /* AretheysimilarView.swift */ = {isa = PBXFileReference; fileEncoding = 4; lastKnownFileType = sourcecode.swift; path = AretheysimilarView.swift; sourceTree = "<group>"; };
		5AC3B36827BFB1920001F73F /* ShakeView.swift */ = {isa = PBXFileReference; fileEncoding = 4; lastKnownFileType = sourcecode.swift; path = ShakeView.swift; sourceTree = "<group>"; };
/* End PBXFileReference section */

/* Begin PBXFrameworksBuildPhase section */
		2702B04327B652C100A0E5DD /* Frameworks */ = {
			isa = PBXFrameworksBuildPhase;
			buildActionMask = 2147483647;
			files = (
			);
			runOnlyForDeploymentPostprocessing = 0;
		};
/* End PBXFrameworksBuildPhase section */

/* Begin PBXGroup section */
		2702B03D27B652C100A0E5DD = {
			isa = PBXGroup;
			children = (
				2702B04827B652C100A0E5DD /* Ladle_thePlot */,
				2702B04727B652C100A0E5DD /* Products */,
			);
			sourceTree = "<group>";
		};
		2702B04727B652C100A0E5DD /* Products */ = {
			isa = PBXGroup;
			children = (
				2702B04627B652C100A0E5DD /* Ladle_thePlot.app */,
			);
			name = Products;
			sourceTree = "<group>";
		};
		2702B04827B652C100A0E5DD /* Ladle_thePlot */ = {
			isa = PBXGroup;
			children = (
				47260E9127BBFAE000F0ED80 /* ViewModel */,
				2754CEA527B66F2F002761F9 /* Ladle-thePlot-Info.plist */,
				2754CEA027B66EFB002761F9 /* CustomFonts */,
				2754CEA627B7A695002761F9 /* Views */,
				47A0B53627B662EC0021DE98 /* Model */,
				2702B04927B652C100A0E5DD /* Ladle_thePlotApp.swift */,
				2702B04B27B652C100A0E5DD /* ContentView.swift */,
				2702B04D27B652C400A0E5DD /* Assets.xcassets */,
				2702B04F27B652C400A0E5DD /* Preview Content */,
			);
			path = Ladle_thePlot;
			sourceTree = "<group>";
		};
		2702B04F27B652C400A0E5DD /* Preview Content */ = {
			isa = PBXGroup;
			children = (
				2702B05027B652C400A0E5DD /* Preview Assets.xcassets */,
			);
			path = "Preview Content";
			sourceTree = "<group>";
		};
		2754CEA027B66EFB002761F9 /* CustomFonts */ = {
			isa = PBXGroup;
			children = (
				2754CEA227B66F14002761F9 /* HappyMonkey-Regular.ttf */,
				2754CEA127B66F14002761F9 /* OFL.txt */,
			);
			path = CustomFonts;
			sourceTree = "<group>";
		};
		2754CEA627B7A695002761F9 /* Views */ = {
			isa = PBXGroup;
			children = (
				5A809A5427C671C1006B1749 /* ActionViews */,
				27705AB527C2D70E00F996B4 /* Steps */,
				27705AA127C23FA000F996B4 /* CardViews */,
				27705A9C27C23A7900F996B4 /* ButtonViews */,
				2780A37927B65BDA001B34CE /* NameInputView.swift */,
				47260E9427BC242400F0ED80 /* AvatarSelectionView.swift */,
				47C5A9B827BD04AE004D4A9A /* ChooseTheRecipeView.swift */,
				5AC3B36827BFB1920001F73F /* ShakeView.swift */,
				2780A37F27B65C60001B34CE /* StepsView.swift */,
				47A8249827BFAA320042B065 /* ShowTheIngredientsView.swift */,
				5AC3B36427BFB00B0001F73F /* AnimationView.swift */,
				5AC3B36627BFB0160001F73F /* AretheysimilarView.swift */,
				2780A37527B65B57001B34CE /* CreateRecipeView.swift */,
			);
			path = Views;
			sourceTree = "<group>";
		};
		27705A9C27C23A7900F996B4 /* ButtonViews */ = {
			isa = PBXGroup;
			children = (
				27705A9D27C23A8D00F996B4 /* ContinueButtonView.swift */,
				27705A9F27C23A9500F996B4 /* BackButtonView.swift */,
				5A809A5227C63FA4006B1749 /* TimeLineView.swift */,
			);
			path = ButtonViews;
			sourceTree = "<group>";
		};
		27705AA127C23FA000F996B4 /* CardViews */ = {
			isa = PBXGroup;
			children = (
				47C5A9B527BCF6CB004D4A9A /* RecipeCardView.swift */,
				27F0081A27BE86E200C7975D /* IngredientCardView.swift */,
				27705AA227C246CB00F996B4 /* StepCardView.swift */,
				27705AA427C24AD700F996B4 /* StepCircleCard.swift */,
				5A1D3B2927C5271C009301D1 /* splashScreenView.swift */,
			);
			path = CardViews;
			sourceTree = "<group>";
		};
		27705AB527C2D70E00F996B4 /* Steps */ = {
			isa = PBXGroup;
			children = (
				27705AB627C2D71900F996B4 /* Step3.swift */,
				27705AB827C2D71C00F996B4 /* Step0.swift */,
				27705AC027C2D74A00F996B4 /* Step1.swift */,
				27705ABC27C2D72400F996B4 /* Step2.swift */,
				27705ABE27C2D72800F996B4 /* Step4.swift */,
			);
			path = Steps;
			sourceTree = "<group>";
		};
		47260E9127BBFAE000F0ED80 /* ViewModel */ = {
			isa = PBXGroup;
			children = (
				2754CEA727B7AB3E002761F9 /* RecipeViewModel.swift */,
				47260E9227BBFBA900F0ED80 /* AvatarViewModel.swift */,
				27F0081827BE86BA00C7975D /* IngredientViewModel.swift */,
				47B7D50927C3EB1800827E4E /* SceneViewModel.swift */,
			);
			path = ViewModel;
			sourceTree = "<group>";
		};
		47A0B53627B662EC0021DE98 /* Model */ = {
			isa = PBXGroup;
			children = (
				27F0081427BE863100C7975D /* Recipe.swift */,
				27F0081627BE866300C7975D /* Avatar.swift */,
				27F0081E27BE887F00C7975D /* Ingredient.swift */,
				47B7D50D27C3EB6D00827E4E /* RecipeScene.swift */,
			);
			path = Model;
			sourceTree = "<group>";
		};
		5A809A5427C671C1006B1749 /* ActionViews */ = {
			isa = PBXGroup;
			children = (
				47B7D50F27C4080F00827E4E /* DragAndDropView.swift */,
				5A809A5527C671E6006B1749 /* CrushView.swift */,
			);
			path = ActionViews;
			sourceTree = "<group>";
		};
/* End PBXGroup section */

/* Begin PBXNativeTarget section */
		2702B04527B652C100A0E5DD /* Ladle_thePlot */ = {
			isa = PBXNativeTarget;
			buildConfigurationList = 2702B05427B652C400A0E5DD /* Build configuration list for PBXNativeTarget "Ladle_thePlot" */;
			buildPhases = (
				2702B04227B652C100A0E5DD /* Sources */,
				2702B04327B652C100A0E5DD /* Frameworks */,
				2702B04427B652C100A0E5DD /* Resources */,
			);
			buildRules = (
			);
			dependencies = (
			);
			name = Ladle_thePlot;
			productName = Ladle_thePlot;
			productReference = 2702B04627B652C100A0E5DD /* Ladle_thePlot.app */;
			productType = "com.apple.product-type.application";
		};
/* End PBXNativeTarget section */

/* Begin PBXProject section */
		2702B03E27B652C100A0E5DD /* Project object */ = {
			isa = PBXProject;
			attributes = {
				BuildIndependentTargetsInParallel = 1;
				LastSwiftUpdateCheck = 1300;
				LastUpgradeCheck = 1300;
				TargetAttributes = {
					2702B04527B652C100A0E5DD = {
						CreatedOnToolsVersion = 13.0;
					};
				};
			};
			buildConfigurationList = 2702B04127B652C100A0E5DD /* Build configuration list for PBXProject "Ladle_thePlot" */;
			compatibilityVersion = "Xcode 13.0";
			developmentRegion = en;
			hasScannedForEncodings = 0;
			knownRegions = (
				en,
				Base,
			);
			mainGroup = 2702B03D27B652C100A0E5DD;
			productRefGroup = 2702B04727B652C100A0E5DD /* Products */;
			projectDirPath = "";
			projectRoot = "";
			targets = (
				2702B04527B652C100A0E5DD /* Ladle_thePlot */,
			);
		};
/* End PBXProject section */

/* Begin PBXResourcesBuildPhase section */
		2702B04427B652C100A0E5DD /* Resources */ = {
			isa = PBXResourcesBuildPhase;
			buildActionMask = 2147483647;
			files = (
				2754CEA327B66F14002761F9 /* OFL.txt in Resources */,
				2702B05127B652C400A0E5DD /* Preview Assets.xcassets in Resources */,
				2702B04E27B652C400A0E5DD /* Assets.xcassets in Resources */,
				2754CEA427B66F14002761F9 /* HappyMonkey-Regular.ttf in Resources */,
			);
			runOnlyForDeploymentPostprocessing = 0;
		};
/* End PBXResourcesBuildPhase section */

/* Begin PBXSourcesBuildPhase section */
		2702B04227B652C100A0E5DD /* Sources */ = {
			isa = PBXSourcesBuildPhase;
			buildActionMask = 2147483647;
			files = (
				27705AA027C23A9500F996B4 /* BackButtonView.swift in Sources */,
				47B7D51027C4080F00827E4E /* DragAndDropView.swift in Sources */,
				2780A37A27B65BDA001B34CE /* NameInputView.swift in Sources */,
				2780A37627B65B57001B34CE /* CreateRecipeView.swift in Sources */,
				27F0081F27BE887F00C7975D /* Ingredient.swift in Sources */,
				47260E9527BC242400F0ED80 /* AvatarSelectionView.swift in Sources */,
				2702B04C27B652C100A0E5DD /* ContentView.swift in Sources */,
				27705AC127C2D74A00F996B4 /* Step1.swift in Sources */,
				27705ABF27C2D72800F996B4 /* Step4.swift in Sources */,
				5AC3B36527BFB00B0001F73F /* AnimationView.swift in Sources */,
				5AC3B36727BFB0160001F73F /* AretheysimilarView.swift in Sources */,
				27F0081727BE866300C7975D /* Avatar.swift in Sources */,
				27F0081927BE86BA00C7975D /* IngredientViewModel.swift in Sources */,
				47A8249927BFAA320042B065 /* ShowTheIngredientsView.swift in Sources */,
				2780A38027B65C60001B34CE /* StepsView.swift in Sources */,
				47B7D50A27C3EB1800827E4E /* SceneViewModel.swift in Sources */,
				5A809A5627C671E6006B1749 /* CrushView.swift in Sources */,
				47260E9327BBFBA900F0ED80 /* AvatarViewModel.swift in Sources */,
				47C5A9B927BD04AE004D4A9A /* ChooseTheRecipeView.swift in Sources */,
				2754CEA827B7AB3E002761F9 /* RecipeViewModel.swift in Sources */,
				5AC3B36927BFB1920001F73F /* ShakeView.swift in Sources */,
				27705ABD27C2D72400F996B4 /* Step2.swift in Sources */,
				47C5A9B627BCF6CB004D4A9A /* RecipeCardView.swift in Sources */,
				5A809A5327C63FA4006B1749 /* TimeLineView.swift in Sources */,
				27705AA527C24AD700F996B4 /* StepCircleCard.swift in Sources */,
				5A1D3B2A27C5271C009301D1 /* splashScreenView.swift in Sources */,
				27F0081B27BE86E200C7975D /* IngredientCardView.swift in Sources */,
				2702B04A27B652C100A0E5DD /* Ladle_thePlotApp.swift in Sources */,
				27705AB727C2D71900F996B4 /* Step3.swift in Sources */,
				27705AB927C2D71C00F996B4 /* Step0.swift in Sources */,
				27F0081527BE863100C7975D /* Recipe.swift in Sources */,
				47B7D50E27C3EB6D00827E4E /* RecipeScene.swift in Sources */,
				27705AA327C246CB00F996B4 /* StepCardView.swift in Sources */,
				27705A9E27C23A8D00F996B4 /* ContinueButtonView.swift in Sources */,
			);
			runOnlyForDeploymentPostprocessing = 0;
		};
/* End PBXSourcesBuildPhase section */

/* Begin XCBuildConfiguration section */
		2702B05227B652C400A0E5DD /* Debug */ = {
			isa = XCBuildConfiguration;
			buildSettings = {
				ALWAYS_SEARCH_USER_PATHS = NO;
				CLANG_ANALYZER_NONNULL = YES;
				CLANG_ANALYZER_NUMBER_OBJECT_CONVERSION = YES_AGGRESSIVE;
				CLANG_CXX_LANGUAGE_STANDARD = "gnu++17";
				CLANG_CXX_LIBRARY = "libc++";
				CLANG_ENABLE_MODULES = YES;
				CLANG_ENABLE_OBJC_ARC = YES;
				CLANG_ENABLE_OBJC_WEAK = YES;
				CLANG_WARN_BLOCK_CAPTURE_AUTORELEASING = YES;
				CLANG_WARN_BOOL_CONVERSION = YES;
				CLANG_WARN_COMMA = YES;
				CLANG_WARN_CONSTANT_CONVERSION = YES;
				CLANG_WARN_DEPRECATED_OBJC_IMPLEMENTATIONS = YES;
				CLANG_WARN_DIRECT_OBJC_ISA_USAGE = YES_ERROR;
				CLANG_WARN_DOCUMENTATION_COMMENTS = YES;
				CLANG_WARN_EMPTY_BODY = YES;
				CLANG_WARN_ENUM_CONVERSION = YES;
				CLANG_WARN_INFINITE_RECURSION = YES;
				CLANG_WARN_INT_CONVERSION = YES;
				CLANG_WARN_NON_LITERAL_NULL_CONVERSION = YES;
				CLANG_WARN_OBJC_IMPLICIT_RETAIN_SELF = YES;
				CLANG_WARN_OBJC_LITERAL_CONVERSION = YES;
				CLANG_WARN_OBJC_ROOT_CLASS = YES_ERROR;
				CLANG_WARN_QUOTED_INCLUDE_IN_FRAMEWORK_HEADER = YES;
				CLANG_WARN_RANGE_LOOP_ANALYSIS = YES;
				CLANG_WARN_STRICT_PROTOTYPES = YES;
				CLANG_WARN_SUSPICIOUS_MOVE = YES;
				CLANG_WARN_UNGUARDED_AVAILABILITY = YES_AGGRESSIVE;
				CLANG_WARN_UNREACHABLE_CODE = YES;
				CLANG_WARN__DUPLICATE_METHOD_MATCH = YES;
				COPY_PHASE_STRIP = NO;
				DEBUG_INFORMATION_FORMAT = dwarf;
				ENABLE_STRICT_OBJC_MSGSEND = YES;
				ENABLE_TESTABILITY = YES;
				GCC_C_LANGUAGE_STANDARD = gnu11;
				GCC_DYNAMIC_NO_PIC = NO;
				GCC_NO_COMMON_BLOCKS = YES;
				GCC_OPTIMIZATION_LEVEL = 0;
				GCC_PREPROCESSOR_DEFINITIONS = (
					"DEBUG=1",
					"$(inherited)",
				);
				GCC_WARN_64_TO_32_BIT_CONVERSION = YES;
				GCC_WARN_ABOUT_RETURN_TYPE = YES_ERROR;
				GCC_WARN_UNDECLARED_SELECTOR = YES;
				GCC_WARN_UNINITIALIZED_AUTOS = YES_AGGRESSIVE;
				GCC_WARN_UNUSED_FUNCTION = YES;
				GCC_WARN_UNUSED_VARIABLE = YES;
				IPHONEOS_DEPLOYMENT_TARGET = 15.0;
				MTL_ENABLE_DEBUG_INFO = INCLUDE_SOURCE;
				MTL_FAST_MATH = YES;
				ONLY_ACTIVE_ARCH = YES;
				SDKROOT = iphoneos;
				SWIFT_ACTIVE_COMPILATION_CONDITIONS = DEBUG;
				SWIFT_OPTIMIZATION_LEVEL = "-Onone";
			};
			name = Debug;
		};
		2702B05327B652C400A0E5DD /* Release */ = {
			isa = XCBuildConfiguration;
			buildSettings = {
				ALWAYS_SEARCH_USER_PATHS = NO;
				CLANG_ANALYZER_NONNULL = YES;
				CLANG_ANALYZER_NUMBER_OBJECT_CONVERSION = YES_AGGRESSIVE;
				CLANG_CXX_LANGUAGE_STANDARD = "gnu++17";
				CLANG_CXX_LIBRARY = "libc++";
				CLANG_ENABLE_MODULES = YES;
				CLANG_ENABLE_OBJC_ARC = YES;
				CLANG_ENABLE_OBJC_WEAK = YES;
				CLANG_WARN_BLOCK_CAPTURE_AUTORELEASING = YES;
				CLANG_WARN_BOOL_CONVERSION = YES;
				CLANG_WARN_COMMA = YES;
				CLANG_WARN_CONSTANT_CONVERSION = YES;
				CLANG_WARN_DEPRECATED_OBJC_IMPLEMENTATIONS = YES;
				CLANG_WARN_DIRECT_OBJC_ISA_USAGE = YES_ERROR;
				CLANG_WARN_DOCUMENTATION_COMMENTS = YES;
				CLANG_WARN_EMPTY_BODY = YES;
				CLANG_WARN_ENUM_CONVERSION = YES;
				CLANG_WARN_INFINITE_RECURSION = YES;
				CLANG_WARN_INT_CONVERSION = YES;
				CLANG_WARN_NON_LITERAL_NULL_CONVERSION = YES;
				CLANG_WARN_OBJC_IMPLICIT_RETAIN_SELF = YES;
				CLANG_WARN_OBJC_LITERAL_CONVERSION = YES;
				CLANG_WARN_OBJC_ROOT_CLASS = YES_ERROR;
				CLANG_WARN_QUOTED_INCLUDE_IN_FRAMEWORK_HEADER = YES;
				CLANG_WARN_RANGE_LOOP_ANALYSIS = YES;
				CLANG_WARN_STRICT_PROTOTYPES = YES;
				CLANG_WARN_SUSPICIOUS_MOVE = YES;
				CLANG_WARN_UNGUARDED_AVAILABILITY = YES_AGGRESSIVE;
				CLANG_WARN_UNREACHABLE_CODE = YES;
				CLANG_WARN__DUPLICATE_METHOD_MATCH = YES;
				COPY_PHASE_STRIP = NO;
				DEBUG_INFORMATION_FORMAT = "dwarf-with-dsym";
				ENABLE_NS_ASSERTIONS = NO;
				ENABLE_STRICT_OBJC_MSGSEND = YES;
				GCC_C_LANGUAGE_STANDARD = gnu11;
				GCC_NO_COMMON_BLOCKS = YES;
				GCC_WARN_64_TO_32_BIT_CONVERSION = YES;
				GCC_WARN_ABOUT_RETURN_TYPE = YES_ERROR;
				GCC_WARN_UNDECLARED_SELECTOR = YES;
				GCC_WARN_UNINITIALIZED_AUTOS = YES_AGGRESSIVE;
				GCC_WARN_UNUSED_FUNCTION = YES;
				GCC_WARN_UNUSED_VARIABLE = YES;
				IPHONEOS_DEPLOYMENT_TARGET = 15.0;
				MTL_ENABLE_DEBUG_INFO = NO;
				MTL_FAST_MATH = YES;
				SDKROOT = iphoneos;
				SWIFT_COMPILATION_MODE = wholemodule;
				SWIFT_OPTIMIZATION_LEVEL = "-O";
				VALIDATE_PRODUCT = YES;
			};
			name = Release;
		};
		2702B05527B652C400A0E5DD /* Debug */ = {
			isa = XCBuildConfiguration;
			buildSettings = {
				ASSETCATALOG_COMPILER_APPICON_NAME = AppIcon;
				ASSETCATALOG_COMPILER_GLOBAL_ACCENT_COLOR_NAME = AccentColor;
				CODE_SIGN_STYLE = Automatic;
				CURRENT_PROJECT_VERSION = 1.1;
				DEVELOPMENT_ASSET_PATHS = "\"Ladle_thePlot/Preview Content\"";
				DEVELOPMENT_TEAM = 232QK9T2BM;
				ENABLE_PREVIEWS = YES;
				GENERATE_INFOPLIST_FILE = YES;
				INFOPLIST_FILE = "Ladle-thePlot-Info.plist";
				INFOPLIST_KEY_UIApplicationSceneManifest_Generation = YES;
				INFOPLIST_KEY_UIApplicationSupportsIndirectInputEvents = YES;
				INFOPLIST_KEY_UILaunchScreen_Generation = YES;
				INFOPLIST_KEY_UIRequiresFullScreen = YES;
				INFOPLIST_KEY_UISupportedInterfaceOrientations = "UIInterfaceOrientationLandscapeLeft UIInterfaceOrientationPortrait UIInterfaceOrientationPortraitUpsideDown UIInterfaceOrientationLandscapeRight";
				INFOPLIST_KEY_UISupportedInterfaceOrientations_iPad = "UIInterfaceOrientationLandscapeLeft UIInterfaceOrientationLandscapeRight UIInterfaceOrientationPortrait UIInterfaceOrientationPortraitUpsideDown";
				INFOPLIST_KEY_UISupportedInterfaceOrientations_iPhone = "UIInterfaceOrientationLandscapeLeft UIInterfaceOrientationLandscapeRight";
				IPHONEOS_DEPLOYMENT_TARGET = 15.0;
				LD_RUNPATH_SEARCH_PATHS = (
					"$(inherited)",
					"@executable_path/Frameworks",
				);
				MARKETING_VERSION = 1.0;
				PRODUCT_BUNDLE_IDENTIFIER = "com.irenenisansala.ThePlot-Ladle";
				PRODUCT_NAME = "$(TARGET_NAME)";
				SWIFT_EMIT_LOC_STRINGS = YES;
				SWIFT_VERSION = 5.0;
				TARGETED_DEVICE_FAMILY = "1,2";
			};
			name = Debug;
		};
		2702B05627B652C400A0E5DD /* Release */ = {
			isa = XCBuildConfiguration;
			buildSettings = {
				ASSETCATALOG_COMPILER_APPICON_NAME = AppIcon;
				ASSETCATALOG_COMPILER_GLOBAL_ACCENT_COLOR_NAME = AccentColor;
				CODE_SIGN_STYLE = Automatic;
				CURRENT_PROJECT_VERSION = 1.1;
				DEVELOPMENT_ASSET_PATHS = "\"Ladle_thePlot/Preview Content\"";
				DEVELOPMENT_TEAM = 232QK9T2BM;
				ENABLE_PREVIEWS = YES;
				GENERATE_INFOPLIST_FILE = YES;
				INFOPLIST_FILE = "Ladle-thePlot-Info.plist";
				INFOPLIST_KEY_UIApplicationSceneManifest_Generation = YES;
				INFOPLIST_KEY_UIApplicationSupportsIndirectInputEvents = YES;
				INFOPLIST_KEY_UILaunchScreen_Generation = YES;
				INFOPLIST_KEY_UIRequiresFullScreen = YES;
				INFOPLIST_KEY_UISupportedInterfaceOrientations = "UIInterfaceOrientationLandscapeLeft UIInterfaceOrientationPortrait UIInterfaceOrientationPortraitUpsideDown UIInterfaceOrientationLandscapeRight";
				INFOPLIST_KEY_UISupportedInterfaceOrientations_iPad = "UIInterfaceOrientationLandscapeLeft UIInterfaceOrientationLandscapeRight UIInterfaceOrientationPortrait UIInterfaceOrientationPortraitUpsideDown";
				INFOPLIST_KEY_UISupportedInterfaceOrientations_iPhone = "UIInterfaceOrientationLandscapeLeft UIInterfaceOrientationLandscapeRight";
				IPHONEOS_DEPLOYMENT_TARGET = 15.0;
				LD_RUNPATH_SEARCH_PATHS = (
					"$(inherited)",
					"@executable_path/Frameworks",
				);
				MARKETING_VERSION = 1.0;
				PRODUCT_BUNDLE_IDENTIFIER = "com.irenenisansala.ThePlot-Ladle";
				PRODUCT_NAME = "$(TARGET_NAME)";
				SWIFT_EMIT_LOC_STRINGS = YES;
				SWIFT_VERSION = 5.0;
				TARGETED_DEVICE_FAMILY = "1,2";
			};
			name = Release;
		};
/* End XCBuildConfiguration section */

/* Begin XCConfigurationList section */
		2702B04127B652C100A0E5DD /* Build configuration list for PBXProject "Ladle_thePlot" */ = {
			isa = XCConfigurationList;
			buildConfigurations = (
				2702B05227B652C400A0E5DD /* Debug */,
				2702B05327B652C400A0E5DD /* Release */,
			);
			defaultConfigurationIsVisible = 0;
			defaultConfigurationName = Release;
		};
		2702B05427B652C400A0E5DD /* Build configuration list for PBXNativeTarget "Ladle_thePlot" */ = {
			isa = XCConfigurationList;
			buildConfigurations = (
				2702B05527B652C400A0E5DD /* Debug */,
				2702B05627B652C400A0E5DD /* Release */,
			);
			defaultConfigurationIsVisible = 0;
			defaultConfigurationName = Release;
		};
/* End XCConfigurationList section */
	};
	rootObject = 2702B03E27B652C100A0E5DD /* Project object */;
}
